{
  "lockfile_version": "1",
  "packages": {
    "ko@latest": {
      "last_modified": "2024-07-07T07:43:47Z",
      "resolved": "github:NixOS/nixpkgs/b60793b86201040d9dee019a05089a9150d08b5b#ko",
      "source": "devbox-search",
      "version": "0.15.4",
      "systems": {
        "aarch64-darwin": {
          "outputs": [
            {
              "name": "out",
              "path": "/nix/store/55z0jl9gi5x88sdy4ml89dpz76ixhf2x-ko-0.15.4",
              "default": true
            }
          ],
          "store_path": "/nix/store/55z0jl9gi5x88sdy4ml89dpz76ixhf2x-ko-0.15.4"
        },
        "aarch64-linux": {
          "outputs": [
            {
              "name": "out",
              "path": "/nix/store/amyq0brnkx8j3920zic62qaz5gnjlwlv-ko-0.15.4",
              "default": true
            }
          ],
          "store_path": "/nix/store/amyq0brnkx8j3920zic62qaz5gnjlwlv-ko-0.15.4"
        },
        "x86_64-darwin": {
          "outputs": [
            {
              "name": "out",
              "path": "/nix/store/n5a16q3llcz19rpyqb072z5spkcvlp94-ko-0.15.4",
              "default": true
            }
          ],
          "store_path": "/nix/store/n5a16q3llcz19rpyqb072z5spkcvlp94-ko-0.15.4"
        },
        "x86_64-linux": {
          "outputs": [
            {
              "name": "out",
              "path": "/nix/store/5klg0yk9h2agipzk9ahyic9vbhag8lvm-ko-0.15.4",
              "default": true
            }
          ],
          "store_path": "/nix/store/5klg0yk9h2agipzk9ahyic9vbhag8lvm-ko-0.15.4"
        }
      }
    },
    "mage@latest": {
      "last_modified": "2024-07-07T07:43:47Z",
      "resolved": "github:NixOS/nixpkgs/b60793b86201040d9dee019a05089a9150d08b5b#mage",
      "source": "devbox-search",
      "version": "1.15.0",
      "systems": {
        "aarch64-darwin": {
          "outputs": [
            {
              "name": "out",
              "path": "/nix/store/bwiixaazhzbnf4048ahgsarm03pxb176-mage-1.15.0",
              "default": true
            }
          ],
          "store_path": "/nix/store/bwiixaazhzbnf4048ahgsarm03pxb176-mage-1.15.0"
        },
        "aarch64-linux": {
          "outputs": [
            {
              "name": "out",
              "path": "/nix/store/v2mckbrzvw7ghkyybnzdhivlpdz40vzx-mage-1.15.0",
              "default": true
            }
          ],
          "store_path": "/nix/store/v2mckbrzvw7ghkyybnzdhivlpdz40vzx-mage-1.15.0"
        },
        "x86_64-darwin": {
          "outputs": [
            {
              "name": "out",
              "path": "/nix/store/zp369ky28i8pfq94fr0wxi0cmnr8np8s-mage-1.15.0",
              "default": true
            }
          ],
          "store_path": "/nix/store/zp369ky28i8pfq94fr0wxi0cmnr8np8s-mage-1.15.0"
        },
        "x86_64-linux": {
          "outputs": [
            {
              "name": "out",
              "path": "/nix/store/ypz0gfbvnbbia7ix95m82ncpaaxwqjid-mage-1.15.0",
              "default": true
            }
          ],
          "store_path": "/nix/store/ypz0gfbvnbbia7ix95m82ncpaaxwqjid-mage-1.15.0"
        }
      }
    }
  }
}
